// !$*UTF8*$!
{
	archiveVersion = 1;
	classes = {
	};
	objectVersion = 56;
	objects = {

/* Begin PBXBuildFile section */
		897F87F2299282760061B50F /* AfricanerApp.swift in Sources */ = {isa = PBXBuildFile; fileRef = 897F87F1299282760061B50F /* AfricanerApp.swift */; };
		897F87F4299282760061B50F /* ContentView.swift in Sources */ = {isa = PBXBuildFile; fileRef = 897F87F3299282760061B50F /* ContentView.swift */; };
		897F87F6299282780061B50F /* Assets.xcassets in Resources */ = {isa = PBXBuildFile; fileRef = 897F87F5299282780061B50F /* Assets.xcassets */; };
		897F87F9299282780061B50F /* Preview Assets.xcassets in Resources */ = {isa = PBXBuildFile; fileRef = 897F87F8299282780061B50F /* Preview Assets.xcassets */; };
		897F880A299294BD0061B50F /* elephant.mp4 in Resources */ = {isa = PBXBuildFile; fileRef = 897F8800299294BC0061B50F /* elephant.mp4 */; };
		897F880B299294BD0061B50F /* lion.mp4 in Resources */ = {isa = PBXBuildFile; fileRef = 897F8801299294BC0061B50F /* lion.mp4 */; };
		897F880C299294BD0061B50F /* giraffe.mp4 in Resources */ = {isa = PBXBuildFile; fileRef = 897F8802299294BC0061B50F /* giraffe.mp4 */; };
		897F880D299294BD0061B50F /* zebra.mp4 in Resources */ = {isa = PBXBuildFile; fileRef = 897F8803299294BC0061B50F /* zebra.mp4 */; };
		897F880E299294BD0061B50F /* gorilla.mp4 in Resources */ = {isa = PBXBuildFile; fileRef = 897F8804299294BC0061B50F /* gorilla.mp4 */; };
		897F880F299294BD0061B50F /* hippo.mp4 in Resources */ = {isa = PBXBuildFile; fileRef = 897F8805299294BC0061B50F /* hippo.mp4 */; };
		897F8810299294BD0061B50F /* lioness.mp4 in Resources */ = {isa = PBXBuildFile; fileRef = 897F8806299294BD0061B50F /* lioness.mp4 */; };
		897F8811299294BD0061B50F /* ostrich.mp4 in Resources */ = {isa = PBXBuildFile; fileRef = 897F8807299294BD0061B50F /* ostrich.mp4 */; };
		897F8812299294BD0061B50F /* rhino.mp4 in Resources */ = {isa = PBXBuildFile; fileRef = 897F8808299294BD0061B50F /* rhino.mp4 */; };
		897F8813299294BD0061B50F /* cheetah.mp4 in Resources */ = {isa = PBXBuildFile; fileRef = 897F8809299294BD0061B50F /* cheetah.mp4 */; };
		897F8820299297300061B50F /* VideoListView.swift in Sources */ = {isa = PBXBuildFile; fileRef = 897F881F299297300061B50F /* VideoListView.swift */; };
		897F88222992973B0061B50F /* MapView.swift in Sources */ = {isa = PBXBuildFile; fileRef = 897F88212992973B0061B50F /* MapView.swift */; };
		897F8826299297610061B50F /* GalleryView.swift in Sources */ = {isa = PBXBuildFile; fileRef = 897F8825299297610061B50F /* GalleryView.swift */; };
		897F8828299297700061B50F /* MainView.swift in Sources */ = {isa = PBXBuildFile; fileRef = 897F8827299297700061B50F /* MainView.swift */; };
		897F882D2992991C0061B50F /* CoverImageView.swift in Sources */ = {isa = PBXBuildFile; fileRef = 897F882C2992991C0061B50F /* CoverImageView.swift */; };
		897F883029929AD70061B50F /* CoverImageModel.swift in Sources */ = {isa = PBXBuildFile; fileRef = 897F882F29929AD70061B50F /* CoverImageModel.swift */; };
		897F883329929BC00061B50F /* CodableBundleExtension.swift in Sources */ = {isa = PBXBuildFile; fileRef = 897F883229929BC00061B50F /* CodableBundleExtension.swift */; };
		897F883429929F910061B50F /* animals.json in Resources */ = {isa = PBXBuildFile; fileRef = 897F8817299294EB0061B50F /* animals.json */; };
		897F883529929F9A0061B50F /* covers.json in Resources */ = {isa = PBXBuildFile; fileRef = 897F8815299294EB0061B50F /* covers.json */; };
		897F883629929F9F0061B50F /* locations.json in Resources */ = {isa = PBXBuildFile; fileRef = 897F8818299294EB0061B50F /* locations.json */; };
		897F883729929FA30061B50F /* videos.json in Resources */ = {isa = PBXBuildFile; fileRef = 897F8816299294EB0061B50F /* videos.json */; };
		897F88392992C6790061B50F /* AnimalListItemView.swift in Sources */ = {isa = PBXBuildFile; fileRef = 897F88382992C6790061B50F /* AnimalListItemView.swift */; };
		897F883B2992C8150061B50F /* AnimalModel.swift in Sources */ = {isa = PBXBuildFile; fileRef = 897F883A2992C8150061B50F /* AnimalModel.swift */; };
		897F883D299449260061B50F /* AnimalDetailView.swift in Sources */ = {isa = PBXBuildFile; fileRef = 897F883C299449260061B50F /* AnimalDetailView.swift */; };
		897F883F29944B600061B50F /* HeadingView.swift in Sources */ = {isa = PBXBuildFile; fileRef = 897F883E29944B600061B50F /* HeadingView.swift */; };
		897F884129944C430061B50F /* InsetGalleryView.swift in Sources */ = {isa = PBXBuildFile; fileRef = 897F884029944C430061B50F /* InsetGalleryView.swift */; };
		897F884329944FB10061B50F /* InsetFactView.swift in Sources */ = {isa = PBXBuildFile; fileRef = 897F884229944FB10061B50F /* InsetFactView.swift */; };
		897F8845299451D50061B50F /* InsetMapView.swift in Sources */ = {isa = PBXBuildFile; fileRef = 897F8844299451D50061B50F /* InsetMapView.swift */; };
		897F8847299458480061B50F /* ExternalWblinkView.swift in Sources */ = {isa = PBXBuildFile; fileRef = 897F8846299458480061B50F /* ExternalWblinkView.swift */; };
		897F88492995160B0061B50F /* VideoModel.swift in Sources */ = {isa = PBXBuildFile; fileRef = 897F88482995160B0061B50F /* VideoModel.swift */; };
		897F884B299516560061B50F /* VideoListItemView.swift in Sources */ = {isa = PBXBuildFile; fileRef = 897F884A299516560061B50F /* VideoListItemView.swift */; };
		897F884D29951B8E0061B50F /* VideoPlayerView.swift in Sources */ = {isa = PBXBuildFile; fileRef = 897F884C29951B8E0061B50F /* VideoPlayerView.swift */; };
		897F885029951C280061B50F /* VideoPlayerHelper.swift in Sources */ = {isa = PBXBuildFile; fileRef = 897F884F29951C280061B50F /* VideoPlayerHelper.swift */; };
		897F8852299558E80061B50F /* LocationModel.swift in Sources */ = {isa = PBXBuildFile; fileRef = 897F8851299558E70061B50F /* LocationModel.swift */; };
		897F885429955B7D0061B50F /* MapAnnotaionView.swift in Sources */ = {isa = PBXBuildFile; fileRef = 897F885329955B7D0061B50F /* MapAnnotaionView.swift */; };
		897F885629968FDF0061B50F /* MotionAnimationView.swift in Sources */ = {isa = PBXBuildFile; fileRef = 897F885529968FDF0061B50F /* MotionAnimationView.swift */; };
		897F8858299A88440061B50F /* AnimalGridItemView.swift in Sources */ = {isa = PBXBuildFile; fileRef = 897F8857299A88440061B50F /* AnimalGridItemView.swift */; };
		897F885E299A8D520061B50F /* Stickers.xcassets in Resources */ = {isa = PBXBuildFile; fileRef = 897F885D299A8D520061B50F /* Stickers.xcassets */; };
		897F8863299A8D520061B50F /* StickersAfrica.appex in Embed Foundation Extensions */ = {isa = PBXBuildFile; fileRef = 897F885B299A8D500061B50F /* StickersAfrica.appex */; settings = {ATTRIBUTES = (RemoveHeadersOnCopy, ); }; };
/* End PBXBuildFile section */

/* Begin PBXContainerItemProxy section */
		897F8860299A8D520061B50F /* PBXContainerItemProxy */ = {
			isa = PBXContainerItemProxy;
			containerPortal = 897F87E6299282760061B50F /* Project object */;
			proxyType = 1;
			remoteGlobalIDString = 897F885A299A8D500061B50F;
			remoteInfo = StickersAfrica;
		};
/* End PBXContainerItemProxy section */

/* Begin PBXCopyFilesBuildPhase section */
		897F8862299A8D520061B50F /* Embed Foundation Extensions */ = {
			isa = PBXCopyFilesBuildPhase;
			buildActionMask = 2147483647;
			dstPath = "";
			dstSubfolderSpec = 13;
			files = (
				897F8863299A8D520061B50F /* StickersAfrica.appex in Embed Foundation Extensions */,
			);
			name = "Embed Foundation Extensions";
			runOnlyForDeploymentPostprocessing = 0;
		};
/* End PBXCopyFilesBuildPhase section */

/* Begin PBXFileReference section */
		897F87EE299282760061B50F /* Africaner.app */ = {isa = PBXFileReference; explicitFileType = wrapper.application; includeInIndex = 0; path = Africaner.app; sourceTree = BUILT_PRODUCTS_DIR; };
		897F87F1299282760061B50F /* AfricanerApp.swift */ = {isa = PBXFileReference; lastKnownFileType = sourcecode.swift; path = AfricanerApp.swift; sourceTree = "<group>"; };
		897F87F3299282760061B50F /* ContentView.swift */ = {isa = PBXFileReference; lastKnownFileType = sourcecode.swift; path = ContentView.swift; sourceTree = "<group>"; };
		897F87F5299282780061B50F /* Assets.xcassets */ = {isa = PBXFileReference; lastKnownFileType = folder.assetcatalog; path = Assets.xcassets; sourceTree = "<group>"; };
		897F87F8299282780061B50F /* Preview Assets.xcassets */ = {isa = PBXFileReference; lastKnownFileType = folder.assetcatalog; path = "Preview Assets.xcassets"; sourceTree = "<group>"; };
		897F8800299294BC0061B50F /* elephant.mp4 */ = {isa = PBXFileReference; lastKnownFileType = file; path = elephant.mp4; sourceTree = "<group>"; };
		897F8801299294BC0061B50F /* lion.mp4 */ = {isa = PBXFileReference; lastKnownFileType = file; path = lion.mp4; sourceTree = "<group>"; };
		897F8802299294BC0061B50F /* giraffe.mp4 */ = {isa = PBXFileReference; lastKnownFileType = file; path = giraffe.mp4; sourceTree = "<group>"; };
		897F8803299294BC0061B50F /* zebra.mp4 */ = {isa = PBXFileReference; lastKnownFileType = file; path = zebra.mp4; sourceTree = "<group>"; };
		897F8804299294BC0061B50F /* gorilla.mp4 */ = {isa = PBXFileReference; lastKnownFileType = file; path = gorilla.mp4; sourceTree = "<group>"; };
		897F8805299294BC0061B50F /* hippo.mp4 */ = {isa = PBXFileReference; lastKnownFileType = file; path = hippo.mp4; sourceTree = "<group>"; };
		897F8806299294BD0061B50F /* lioness.mp4 */ = {isa = PBXFileReference; lastKnownFileType = file; path = lioness.mp4; sourceTree = "<group>"; };
		897F8807299294BD0061B50F /* ostrich.mp4 */ = {isa = PBXFileReference; lastKnownFileType = file; path = ostrich.mp4; sourceTree = "<group>"; };
		897F8808299294BD0061B50F /* rhino.mp4 */ = {isa = PBXFileReference; lastKnownFileType = file; path = rhino.mp4; sourceTree = "<group>"; };
		897F8809299294BD0061B50F /* cheetah.mp4 */ = {isa = PBXFileReference; lastKnownFileType = file; path = cheetah.mp4; sourceTree = "<group>"; };
		897F8815299294EB0061B50F /* covers.json */ = {isa = PBXFileReference; fileEncoding = 4; lastKnownFileType = text.json; path = covers.json; sourceTree = "<group>"; };
		897F8816299294EB0061B50F /* videos.json */ = {isa = PBXFileReference; fileEncoding = 4; lastKnownFileType = text.json; path = videos.json; sourceTree = "<group>"; };
		897F8817299294EB0061B50F /* animals.json */ = {isa = PBXFileReference; fileEncoding = 4; lastKnownFileType = text.json; path = animals.json; sourceTree = "<group>"; };
		897F8818299294EB0061B50F /* locations.json */ = {isa = PBXFileReference; fileEncoding = 4; lastKnownFileType = text.json; path = locations.json; sourceTree = "<group>"; };
		897F881D299295A90061B50F /* Info.plist */ = {isa = PBXFileReference; lastKnownFileType = text.plist; path = Info.plist; sourceTree = "<group>"; };
		897F881F299297300061B50F /* VideoListView.swift */ = {isa = PBXFileReference; lastKnownFileType = sourcecode.swift; path = VideoListView.swift; sourceTree = "<group>"; };
		897F88212992973B0061B50F /* MapView.swift */ = {isa = PBXFileReference; lastKnownFileType = sourcecode.swift; path = MapView.swift; sourceTree = "<group>"; };
		897F8825299297610061B50F /* GalleryView.swift */ = {isa = PBXFileReference; lastKnownFileType = sourcecode.swift; path = GalleryView.swift; sourceTree = "<group>"; };
		897F8827299297700061B50F /* MainView.swift */ = {isa = PBXFileReference; lastKnownFileType = sourcecode.swift; path = MainView.swift; sourceTree = "<group>"; };
		897F882C2992991C0061B50F /* CoverImageView.swift */ = {isa = PBXFileReference; lastKnownFileType = sourcecode.swift; path = CoverImageView.swift; sourceTree = "<group>"; };
		897F882F29929AD70061B50F /* CoverImageModel.swift */ = {isa = PBXFileReference; lastKnownFileType = sourcecode.swift; path = CoverImageModel.swift; sourceTree = "<group>"; };
		897F883229929BC00061B50F /* CodableBundleExtension.swift */ = {isa = PBXFileReference; lastKnownFileType = sourcecode.swift; path = CodableBundleExtension.swift; sourceTree = "<group>"; };
		897F88382992C6790061B50F /* AnimalListItemView.swift */ = {isa = PBXFileReference; lastKnownFileType = sourcecode.swift; path = AnimalListItemView.swift; sourceTree = "<group>"; };
		897F883A2992C8150061B50F /* AnimalModel.swift */ = {isa = PBXFileReference; lastKnownFileType = sourcecode.swift; path = AnimalModel.swift; sourceTree = "<group>"; };
		897F883C299449260061B50F /* AnimalDetailView.swift */ = {isa = PBXFileReference; lastKnownFileType = sourcecode.swift; path = AnimalDetailView.swift; sourceTree = "<group>"; };
		897F883E29944B600061B50F /* HeadingView.swift */ = {isa = PBXFileReference; lastKnownFileType = sourcecode.swift; path = HeadingView.swift; sourceTree = "<group>"; };
		897F884029944C430061B50F /* InsetGalleryView.swift */ = {isa = PBXFileReference; lastKnownFileType = sourcecode.swift; path = InsetGalleryView.swift; sourceTree = "<group>"; };
		897F884229944FB10061B50F /* InsetFactView.swift */ = {isa = PBXFileReference; lastKnownFileType = sourcecode.swift; path = InsetFactView.swift; sourceTree = "<group>"; };
		897F8844299451D50061B50F /* InsetMapView.swift */ = {isa = PBXFileReference; lastKnownFileType = sourcecode.swift; path = InsetMapView.swift; sourceTree = "<group>"; };
		897F8846299458480061B50F /* ExternalWblinkView.swift */ = {isa = PBXFileReference; lastKnownFileType = sourcecode.swift; path = ExternalWblinkView.swift; sourceTree = "<group>"; };
		897F88482995160B0061B50F /* VideoModel.swift */ = {isa = PBXFileReference; lastKnownFileType = sourcecode.swift; path = VideoModel.swift; sourceTree = "<group>"; };
		897F884A299516560061B50F /* VideoListItemView.swift */ = {isa = PBXFileReference; lastKnownFileType = sourcecode.swift; path = VideoListItemView.swift; sourceTree = "<group>"; };
		897F884C29951B8E0061B50F /* VideoPlayerView.swift */ = {isa = PBXFileReference; lastKnownFileType = sourcecode.swift; path = VideoPlayerView.swift; sourceTree = "<group>"; };
		897F884F29951C280061B50F /* VideoPlayerHelper.swift */ = {isa = PBXFileReference; lastKnownFileType = sourcecode.swift; path = VideoPlayerHelper.swift; sourceTree = "<group>"; };
		897F8851299558E70061B50F /* LocationModel.swift */ = {isa = PBXFileReference; lastKnownFileType = sourcecode.swift; path = LocationModel.swift; sourceTree = "<group>"; };
		897F885329955B7D0061B50F /* MapAnnotaionView.swift */ = {isa = PBXFileReference; lastKnownFileType = sourcecode.swift; path = MapAnnotaionView.swift; sourceTree = "<group>"; };
		897F885529968FDF0061B50F /* MotionAnimationView.swift */ = {isa = PBXFileReference; lastKnownFileType = sourcecode.swift; path = MotionAnimationView.swift; sourceTree = "<group>"; };
		897F8857299A88440061B50F /* AnimalGridItemView.swift */ = {isa = PBXFileReference; lastKnownFileType = sourcecode.swift; path = AnimalGridItemView.swift; sourceTree = "<group>"; };
		897F885B299A8D500061B50F /* StickersAfrica.appex */ = {isa = PBXFileReference; explicitFileType = "wrapper.app-extension"; includeInIndex = 0; path = StickersAfrica.appex; sourceTree = BUILT_PRODUCTS_DIR; };
		897F885D299A8D520061B50F /* Stickers.xcassets */ = {isa = PBXFileReference; lastKnownFileType = folder.assetcatalog; path = Stickers.xcassets; sourceTree = "<group>"; };
		897F885F299A8D520061B50F /* Info.plist */ = {isa = PBXFileReference; lastKnownFileType = text.plist.xml; path = Info.plist; sourceTree = "<group>"; };
/* End PBXFileReference section */

/* Begin PBXFrameworksBuildPhase section */
		897F87EB299282760061B50F /* Frameworks */ = {
			isa = PBXFrameworksBuildPhase;
			buildActionMask = 2147483647;
			files = (
			);
			runOnlyForDeploymentPostprocessing = 0;
		};
/* End PBXFrameworksBuildPhase section */

/* Begin PBXGroup section */
		897F87E5299282760061B50F = {
			isa = PBXGroup;
			children = (
				897F87F0299282760061B50F /* Africaner */,
				897F885C299A8D500061B50F /* StickersAfrica */,
				897F87EF299282760061B50F /* Products */,
			);
			sourceTree = "<group>";
		};
		897F87EF299282760061B50F /* Products */ = {
			isa = PBXGroup;
			children = (
				897F87EE299282760061B50F /* Africaner.app */,
				897F885B299A8D500061B50F /* StickersAfrica.appex */,
			);
			name = Products;
			sourceTree = "<group>";
		};
		897F87F0299282760061B50F /* Africaner */ = {
			isa = PBXGroup;
			children = (
				897F881E299296FF0061B50F /* App */,
				897F87F5299282780061B50F /* Assets.xcassets */,
				897F8814299294D70061B50F /* Data */,
				897F883129929BA30061B50F /* Extension */,
				897F884E29951C100061B50F /* Helper */,
				897F881D299295A90061B50F /* Info.plist */,
				897F882E29929AC00061B50F /* Model */,
				897F87F7299282780061B50F /* Preview Content */,
				897F87FF299294A80061B50F /* Video */,
				897F8829299298FA0061B50F /* View */,
			);
			path = Africaner;
			sourceTree = "<group>";
		};
		897F87F7299282780061B50F /* Preview Content */ = {
			isa = PBXGroup;
			children = (
				897F87F8299282780061B50F /* Preview Assets.xcassets */,
			);
			path = "Preview Content";
			sourceTree = "<group>";
		};
		897F87FF299294A80061B50F /* Video */ = {
			isa = PBXGroup;
			children = (
				897F8809299294BD0061B50F /* cheetah.mp4 */,
				897F8800299294BC0061B50F /* elephant.mp4 */,
				897F8802299294BC0061B50F /* giraffe.mp4 */,
				897F8804299294BC0061B50F /* gorilla.mp4 */,
				897F8805299294BC0061B50F /* hippo.mp4 */,
				897F8801299294BC0061B50F /* lion.mp4 */,
				897F8806299294BD0061B50F /* lioness.mp4 */,
				897F8807299294BD0061B50F /* ostrich.mp4 */,
				897F8808299294BD0061B50F /* rhino.mp4 */,
				897F8803299294BC0061B50F /* zebra.mp4 */,
			);
			path = Video;
			sourceTree = "<group>";
		};
		897F8814299294D70061B50F /* Data */ = {
			isa = PBXGroup;
			children = (
				897F8817299294EB0061B50F /* animals.json */,
				897F8815299294EB0061B50F /* covers.json */,
				897F8818299294EB0061B50F /* locations.json */,
				897F8816299294EB0061B50F /* videos.json */,
			);
			path = Data;
			sourceTree = "<group>";
		};
		897F881E299296FF0061B50F /* App */ = {
			isa = PBXGroup;
			children = (
				897F87F1299282760061B50F /* AfricanerApp.swift */,
				897F87F3299282760061B50F /* ContentView.swift */,
				897F881F299297300061B50F /* VideoListView.swift */,
				897F88212992973B0061B50F /* MapView.swift */,
				897F8825299297610061B50F /* GalleryView.swift */,
				897F8827299297700061B50F /* MainView.swift */,
			);
			path = App;
			sourceTree = "<group>";
		};
		897F8829299298FA0061B50F /* View */ = {
			isa = PBXGroup;
			children = (
				897F882C2992991C0061B50F /* CoverImageView.swift */,
				897F88382992C6790061B50F /* AnimalListItemView.swift */,
				897F883C299449260061B50F /* AnimalDetailView.swift */,
				897F883E29944B600061B50F /* HeadingView.swift */,
				897F884029944C430061B50F /* InsetGalleryView.swift */,
				897F884229944FB10061B50F /* InsetFactView.swift */,
				897F8844299451D50061B50F /* InsetMapView.swift */,
				897F8846299458480061B50F /* ExternalWblinkView.swift */,
				897F884A299516560061B50F /* VideoListItemView.swift */,
				897F884C29951B8E0061B50F /* VideoPlayerView.swift */,
				897F885329955B7D0061B50F /* MapAnnotaionView.swift */,
				897F885529968FDF0061B50F /* MotionAnimationView.swift */,
				897F8857299A88440061B50F /* AnimalGridItemView.swift */,
			);
			path = View;
			sourceTree = "<group>";
		};
		897F882E29929AC00061B50F /* Model */ = {
			isa = PBXGroup;
			children = (
				897F882F29929AD70061B50F /* CoverImageModel.swift */,
				897F883A2992C8150061B50F /* AnimalModel.swift */,
				897F88482995160B0061B50F /* VideoModel.swift */,
				897F8851299558E70061B50F /* LocationModel.swift */,
			);
			path = Model;
			sourceTree = "<group>";
		};
		897F883129929BA30061B50F /* Extension */ = {
			isa = PBXGroup;
			children = (
				897F883229929BC00061B50F /* CodableBundleExtension.swift */,
			);
			path = Extension;
			sourceTree = "<group>";
		};
		897F884E29951C100061B50F /* Helper */ = {
			isa = PBXGroup;
			children = (
				897F884F29951C280061B50F /* VideoPlayerHelper.swift */,
			);
			path = Helper;
			sourceTree = "<group>";
		};
		897F885C299A8D500061B50F /* StickersAfrica */ = {
			isa = PBXGroup;
			children = (
				897F885D299A8D520061B50F /* Stickers.xcassets */,
				897F885F299A8D520061B50F /* Info.plist */,
			);
			path = StickersAfrica;
			sourceTree = "<group>";
		};
/* End PBXGroup section */

/* Begin PBXNativeTarget section */
		897F87ED299282760061B50F /* Africaner */ = {
			isa = PBXNativeTarget;
			buildConfigurationList = 897F87FC299282780061B50F /* Build configuration list for PBXNativeTarget "Africaner" */;
			buildPhases = (
				897F87EA299282760061B50F /* Sources */,
				897F87EB299282760061B50F /* Frameworks */,
				897F87EC299282760061B50F /* Resources */,
				897F8862299A8D520061B50F /* Embed Foundation Extensions */,
			);
			buildRules = (
			);
			dependencies = (
				897F8861299A8D520061B50F /* PBXTargetDependency */,
			);
			name = Africaner;
			productName = Africaner;
			productReference = 897F87EE299282760061B50F /* Africaner.app */;
			productType = "com.apple.product-type.application";
		};
		897F885A299A8D500061B50F /* StickersAfrica */ = {
			isa = PBXNativeTarget;
			buildConfigurationList = 897F8864299A8D520061B50F /* Build configuration list for PBXNativeTarget "StickersAfrica" */;
			buildPhases = (
				897F8859299A8D500061B50F /* Resources */,
			);
			buildRules = (
			);
			dependencies = (
			);
			name = StickersAfrica;
			productName = StickersAfrica;
			productReference = 897F885B299A8D500061B50F /* StickersAfrica.appex */;
			productType = "com.apple.product-type.app-extension.messages-sticker-pack";
		};
/* End PBXNativeTarget section */

/* Begin PBXProject section */
		897F87E6299282760061B50F /* Project object */ = {
			isa = PBXProject;
			attributes = {
				BuildIndependentTargetsInParallel = 1;
				LastSwiftUpdateCheck = 1400;
				LastUpgradeCheck = 1400;
				TargetAttributes = {
					897F87ED299282760061B50F = {
						CreatedOnToolsVersion = 14.0.1;
					};
					897F885A299A8D500061B50F = {
						CreatedOnToolsVersion = 14.0.1;
					};
				};
			};
			buildConfigurationList = 897F87E9299282760061B50F /* Build configuration list for PBXProject "Africaner" */;
			compatibilityVersion = "Xcode 14.0";
			developmentRegion = en;
			hasScannedForEncodings = 0;
			knownRegions = (
				en,
				Base,
			);
			mainGroup = 897F87E5299282760061B50F;
			productRefGroup = 897F87EF299282760061B50F /* Products */;
			projectDirPath = "";
			projectRoot = "";
			targets = (
				897F87ED299282760061B50F /* Africaner */,
				897F885A299A8D500061B50F /* StickersAfrica */,
			);
		};
/* End PBXProject section */

/* Begin PBXResourcesBuildPhase section */
		897F87EC299282760061B50F /* Resources */ = {
			isa = PBXResourcesBuildPhase;
			buildActionMask = 2147483647;
			files = (
				897F883729929FA30061B50F /* videos.json in Resources */,
				897F883629929F9F0061B50F /* locations.json in Resources */,
				897F883529929F9A0061B50F /* covers.json in Resources */,
				897F883429929F910061B50F /* animals.json in Resources */,
				897F880F299294BD0061B50F /* hippo.mp4 in Resources */,
				897F87F9299282780061B50F /* Preview Assets.xcassets in Resources */,
				897F8810299294BD0061B50F /* lioness.mp4 in Resources */,
				897F880B299294BD0061B50F /* lion.mp4 in Resources */,
				897F87F6299282780061B50F /* Assets.xcassets in Resources */,
				897F880E299294BD0061B50F /* gorilla.mp4 in Resources */,
				897F880A299294BD0061B50F /* elephant.mp4 in Resources */,
				897F880D299294BD0061B50F /* zebra.mp4 in Resources */,
				897F8813299294BD0061B50F /* cheetah.mp4 in Resources */,
				897F8811299294BD0061B50F /* ostrich.mp4 in Resources */,
				897F8812299294BD0061B50F /* rhino.mp4 in Resources */,
				897F880C299294BD0061B50F /* giraffe.mp4 in Resources */,
			);
			runOnlyForDeploymentPostprocessing = 0;
		};
		897F8859299A8D500061B50F /* Resources */ = {
			isa = PBXResourcesBuildPhase;
			buildActionMask = 2147483647;
			files = (
				897F885E299A8D520061B50F /* Stickers.xcassets in Resources */,
			);
			runOnlyForDeploymentPostprocessing = 0;
		};
/* End PBXResourcesBuildPhase section */

/* Begin PBXSourcesBuildPhase section */
		897F87EA299282760061B50F /* Sources */ = {
			isa = PBXSourcesBuildPhase;
			buildActionMask = 2147483647;
			files = (
				897F87F4299282760061B50F /* ContentView.swift in Sources */,
				897F88392992C6790061B50F /* AnimalListItemView.swift in Sources */,
				897F8828299297700061B50F /* MainView.swift in Sources */,
				897F884329944FB10061B50F /* InsetFactView.swift in Sources */,
				897F882D2992991C0061B50F /* CoverImageView.swift in Sources */,
				897F883029929AD70061B50F /* CoverImageModel.swift in Sources */,
				897F883D299449260061B50F /* AnimalDetailView.swift in Sources */,
				897F883B2992C8150061B50F /* AnimalModel.swift in Sources */,
				897F8847299458480061B50F /* ExternalWblinkView.swift in Sources */,
				897F88222992973B0061B50F /* MapView.swift in Sources */,
				897F885029951C280061B50F /* VideoPlayerHelper.swift in Sources */,
				897F8845299451D50061B50F /* InsetMapView.swift in Sources */,
				897F87F2299282760061B50F /* AfricanerApp.swift in Sources */,
				897F8820299297300061B50F /* VideoListView.swift in Sources */,
				897F88492995160B0061B50F /* VideoModel.swift in Sources */,
				897F8826299297610061B50F /* GalleryView.swift in Sources */,
				897F8852299558E80061B50F /* LocationModel.swift in Sources */,
				897F884129944C430061B50F /* InsetGalleryView.swift in Sources */,
				897F8858299A88440061B50F /* AnimalGridItemView.swift in Sources */,
				897F884B299516560061B50F /* VideoListItemView.swift in Sources */,
				897F883329929BC00061B50F /* CodableBundleExtension.swift in Sources */,
				897F883F29944B600061B50F /* HeadingView.swift in Sources */,
				897F885629968FDF0061B50F /* MotionAnimationView.swift in Sources */,
				897F885429955B7D0061B50F /* MapAnnotaionView.swift in Sources */,
				897F884D29951B8E0061B50F /* VideoPlayerView.swift in Sources */,
			);
			runOnlyForDeploymentPostprocessing = 0;
		};
/* End PBXSourcesBuildPhase section */

/* Begin PBXTargetDependency section */
		897F8861299A8D520061B50F /* PBXTargetDependency */ = {
			isa = PBXTargetDependency;
			target = 897F885A299A8D500061B50F /* StickersAfrica */;
			targetProxy = 897F8860299A8D520061B50F /* PBXContainerItemProxy */;
		};
/* End PBXTargetDependency section */

/* Begin XCBuildConfiguration section */
		897F87FA299282780061B50F /* Debug */ = {
			isa = XCBuildConfiguration;
			buildSettings = {
				ALWAYS_SEARCH_USER_PATHS = NO;
				CLANG_ANALYZER_NONNULL = YES;
				CLANG_ANALYZER_NUMBER_OBJECT_CONVERSION = YES_AGGRESSIVE;
				CLANG_CXX_LANGUAGE_STANDARD = "gnu++20";
				CLANG_ENABLE_MODULES = YES;
				CLANG_ENABLE_OBJC_ARC = YES;
				CLANG_ENABLE_OBJC_WEAK = YES;
				CLANG_WARN_BLOCK_CAPTURE_AUTORELEASING = YES;
				CLANG_WARN_BOOL_CONVERSION = YES;
				CLANG_WARN_COMMA = YES;
				CLANG_WARN_CONSTANT_CONVERSION = YES;
				CLANG_WARN_DEPRECATED_OBJC_IMPLEMENTATIONS = YES;
				CLANG_WARN_DIRECT_OBJC_ISA_USAGE = YES_ERROR;
				CLANG_WARN_DOCUMENTATION_COMMENTS = YES;
				CLANG_WARN_EMPTY_BODY = YES;
				CLANG_WARN_ENUM_CONVERSION = YES;
				CLANG_WARN_INFINITE_RECURSION = YES;
				CLANG_WARN_INT_CONVERSION = YES;
				CLANG_WARN_NON_LITERAL_NULL_CONVERSION = YES;
				CLANG_WARN_OBJC_IMPLICIT_RETAIN_SELF = YES;
				CLANG_WARN_OBJC_LITERAL_CONVERSION = YES;
				CLANG_WARN_OBJC_ROOT_CLASS = YES_ERROR;
				CLANG_WARN_QUOTED_INCLUDE_IN_FRAMEWORK_HEADER = YES;
				CLANG_WARN_RANGE_LOOP_ANALYSIS = YES;
				CLANG_WARN_STRICT_PROTOTYPES = YES;
				CLANG_WARN_SUSPICIOUS_MOVE = YES;
				CLANG_WARN_UNGUARDED_AVAILABILITY = YES_AGGRESSIVE;
				CLANG_WARN_UNREACHABLE_CODE = YES;
				CLANG_WARN__DUPLICATE_METHOD_MATCH = YES;
				COPY_PHASE_STRIP = NO;
				DEBUG_INFORMATION_FORMAT = dwarf;
				ENABLE_STRICT_OBJC_MSGSEND = YES;
				ENABLE_TESTABILITY = YES;
				GCC_C_LANGUAGE_STANDARD = gnu11;
				GCC_DYNAMIC_NO_PIC = NO;
				GCC_NO_COMMON_BLOCKS = YES;
				GCC_OPTIMIZATION_LEVEL = 0;
				GCC_PREPROCESSOR_DEFINITIONS = (
					"DEBUG=1",
					"$(inherited)",
				);
				GCC_WARN_64_TO_32_BIT_CONVERSION = YES;
				GCC_WARN_ABOUT_RETURN_TYPE = YES_ERROR;
				GCC_WARN_UNDECLARED_SELECTOR = YES;
				GCC_WARN_UNINITIALIZED_AUTOS = YES_AGGRESSIVE;
				GCC_WARN_UNUSED_FUNCTION = YES;
				GCC_WARN_UNUSED_VARIABLE = YES;
				IPHONEOS_DEPLOYMENT_TARGET = 16.0;
				MTL_ENABLE_DEBUG_INFO = INCLUDE_SOURCE;
				MTL_FAST_MATH = YES;
				ONLY_ACTIVE_ARCH = YES;
				SDKROOT = iphoneos;
				SWIFT_ACTIVE_COMPILATION_CONDITIONS = DEBUG;
				SWIFT_OPTIMIZATION_LEVEL = "-Onone";
			};
			name = Debug;
		};
		897F87FB299282780061B50F /* Release */ = {
			isa = XCBuildConfiguration;
			buildSettings = {
				ALWAYS_SEARCH_USER_PATHS = NO;
				CLANG_ANALYZER_NONNULL = YES;
				CLANG_ANALYZER_NUMBER_OBJECT_CONVERSION = YES_AGGRESSIVE;
				CLANG_CXX_LANGUAGE_STANDARD = "gnu++20";
				CLANG_ENABLE_MODULES = YES;
				CLANG_ENABLE_OBJC_ARC = YES;
				CLANG_ENABLE_OBJC_WEAK = YES;
				CLANG_WARN_BLOCK_CAPTURE_AUTORELEASING = YES;
				CLANG_WARN_BOOL_CONVERSION = YES;
				CLANG_WARN_COMMA = YES;
				CLANG_WARN_CONSTANT_CONVERSION = YES;
				CLANG_WARN_DEPRECATED_OBJC_IMPLEMENTATIONS = YES;
				CLANG_WARN_DIRECT_OBJC_ISA_USAGE = YES_ERROR;
				CLANG_WARN_DOCUMENTATION_COMMENTS = YES;
				CLANG_WARN_EMPTY_BODY = YES;
				CLANG_WARN_ENUM_CONVERSION = YES;
				CLANG_WARN_INFINITE_RECURSION = YES;
				CLANG_WARN_INT_CONVERSION = YES;
				CLANG_WARN_NON_LITERAL_NULL_CONVERSION = YES;
				CLANG_WARN_OBJC_IMPLICIT_RETAIN_SELF = YES;
				CLANG_WARN_OBJC_LITERAL_CONVERSION = YES;
				CLANG_WARN_OBJC_ROOT_CLASS = YES_ERROR;
				CLANG_WARN_QUOTED_INCLUDE_IN_FRAMEWORK_HEADER = YES;
				CLANG_WARN_RANGE_LOOP_ANALYSIS = YES;
				CLANG_WARN_STRICT_PROTOTYPES = YES;
				CLANG_WARN_SUSPICIOUS_MOVE = YES;
				CLANG_WARN_UNGUARDED_AVAILABILITY = YES_AGGRESSIVE;
				CLANG_WARN_UNREACHABLE_CODE = YES;
				CLANG_WARN__DUPLICATE_METHOD_MATCH = YES;
				COPY_PHASE_STRIP = NO;
				DEBUG_INFORMATION_FORMAT = "dwarf-with-dsym";
				ENABLE_NS_ASSERTIONS = NO;
				ENABLE_STRICT_OBJC_MSGSEND = YES;
				GCC_C_LANGUAGE_STANDARD = gnu11;
				GCC_NO_COMMON_BLOCKS = YES;
				GCC_WARN_64_TO_32_BIT_CONVERSION = YES;
				GCC_WARN_ABOUT_RETURN_TYPE = YES_ERROR;
				GCC_WARN_UNDECLARED_SELECTOR = YES;
				GCC_WARN_UNINITIALIZED_AUTOS = YES_AGGRESSIVE;
				GCC_WARN_UNUSED_FUNCTION = YES;
				GCC_WARN_UNUSED_VARIABLE = YES;
				IPHONEOS_DEPLOYMENT_TARGET = 16.0;
				MTL_ENABLE_DEBUG_INFO = NO;
				MTL_FAST_MATH = YES;
				SDKROOT = iphoneos;
				SWIFT_COMPILATION_MODE = wholemodule;
				SWIFT_OPTIMIZATION_LEVEL = "-O";
				VALIDATE_PRODUCT = YES;
			};
			name = Release;
		};
		897F87FD299282780061B50F /* Debug */ = {
			isa = XCBuildConfiguration;
			buildSettings = {
				ASSETCATALOG_COMPILER_APPICON_NAME = AppIcon;
				ASSETCATALOG_COMPILER_GLOBAL_ACCENT_COLOR_NAME = AccentColor;
				CODE_SIGN_STYLE = Automatic;
				CURRENT_PROJECT_VERSION = 1;
				DEVELOPMENT_ASSET_PATHS = "\"Africaner/Preview Content\"";
				ENABLE_PREVIEWS = YES;
				GENERATE_INFOPLIST_FILE = YES;
				INFOPLIST_FILE = Africaner/Info.plist;
				INFOPLIST_KEY_UIApplicationSceneManifest_Generation = YES;
				INFOPLIST_KEY_UIApplicationSupportsIndirectInputEvents = YES;
				INFOPLIST_KEY_UISupportedInterfaceOrientations_iPad = "UIInterfaceOrientationPortrait UIInterfaceOrientationPortraitUpsideDown UIInterfaceOrientationLandscapeLeft UIInterfaceOrientationLandscapeRight";
				INFOPLIST_KEY_UISupportedInterfaceOrientations_iPhone = "UIInterfaceOrientationPortrait UIInterfaceOrientationLandscapeLeft UIInterfaceOrientationLandscapeRight";
				INFOPLIST_KEY_UIUserInterfaceStyle = Dark;
				LD_RUNPATH_SEARCH_PATHS = (
					"$(inherited)",
					"@executable_path/Frameworks",
				);
				MARKETING_VERSION = 1.0;
				PRODUCT_BUNDLE_IDENTIFIER = carvalhofroesrafa.Africaner;
				PRODUCT_NAME = "$(TARGET_NAME)";
				SWIFT_EMIT_LOC_STRINGS = YES;
				SWIFT_VERSION = 5.0;
				TARGETED_DEVICE_FAMILY = "1,2";
			};
			name = Debug;
		};
		897F87FE299282780061B50F /* Release */ = {
			isa = XCBuildConfiguration;
			buildSettings = {
				ASSETCATALOG_COMPILER_APPICON_NAME = AppIcon;
				ASSETCATALOG_COMPILER_GLOBAL_ACCENT_COLOR_NAME = AccentColor;
				CODE_SIGN_STYLE = Automatic;
				CURRENT_PROJECT_VERSION = 1;
				DEVELOPMENT_ASSET_PATHS = "\"Africaner/Preview Content\"";
				ENABLE_PREVIEWS = YES;
				GENERATE_INFOPLIST_FILE = YES;
				INFOPLIST_FILE = Africaner/Info.plist;
				INFOPLIST_KEY_UIApplicationSceneManifest_Generation = YES;
				INFOPLIST_KEY_UIApplicationSupportsIndirectInputEvents = YES;
				INFOPLIST_KEY_UISupportedInterfaceOrientations_iPad = "UIInterfaceOrientationPortrait UIInterfaceOrientationPortraitUpsideDown UIInterfaceOrientationLandscapeLeft UIInterfaceOrientationLandscapeRight";
				INFOPLIST_KEY_UISupportedInterfaceOrientations_iPhone = "UIInterfaceOrientationPortrait UIInterfaceOrientationLandscapeLeft UIInterfaceOrientationLandscapeRight";
				INFOPLIST_KEY_UIUserInterfaceStyle = Dark;
				LD_RUNPATH_SEARCH_PATHS = (
					"$(inherited)",
					"@executable_path/Frameworks",
				);
				MARKETING_VERSION = 1.0;
				PRODUCT_BUNDLE_IDENTIFIER = carvalhofroesrafa.Africaner;
				PRODUCT_NAME = "$(TARGET_NAME)";
				SWIFT_EMIT_LOC_STRINGS = YES;
				SWIFT_VERSION = 5.0;
				TARGETED_DEVICE_FAMILY = "1,2";
			};
			name = Release;
		};
		897F8865299A8D520061B50F /* Debug */ = {
			isa = XCBuildConfiguration;
			buildSettings = {
				ASSETCATALOG_COMPILER_APPICON_NAME = "iMessage App Icon";
				CODE_SIGN_STYLE = Automatic;
				CURRENT_PROJECT_VERSION = 1;
				GENERATE_INFOPLIST_FILE = YES;
				INFOPLIST_FILE = StickersAfrica/Info.plist;
				MARKETING_VERSION = 1.0;
				PRODUCT_BUNDLE_IDENTIFIER = carvalhofroesrafa.Africaner.StickersAfrica;
				PRODUCT_NAME = "$(TARGET_NAME)";
				SKIP_INSTALL = YES;
				SWIFT_EMIT_LOC_STRINGS = YES;
				TARGETED_DEVICE_FAMILY = "1,2";
			};
			name = Debug;
		};
		897F8866299A8D520061B50F /* Release */ = {
			isa = XCBuildConfiguration;
			buildSettings = {
				ASSETCATALOG_COMPILER_APPICON_NAME = "iMessage App Icon";
				CODE_SIGN_STYLE = Automatic;
				CURRENT_PROJECT_VERSION = 1;
				GENERATE_INFOPLIST_FILE = YES;
				INFOPLIST_FILE = StickersAfrica/Info.plist;
				MARKETING_VERSION = 1.0;
				PRODUCT_BUNDLE_IDENTIFIER = carvalhofroesrafa.Africaner.StickersAfrica;
				PRODUCT_NAME = "$(TARGET_NAME)";
				SKIP_INSTALL = YES;
				SWIFT_EMIT_LOC_STRINGS = YES;
				TARGETED_DEVICE_FAMILY = "1,2";
			};
			name = Release;
		};
/* End XCBuildConfiguration section */

/* Begin XCConfigurationList section */
		897F87E9299282760061B50F /* Build configuration list for PBXProject "Africaner" */ = {
			isa = XCConfigurationList;
			buildConfigurations = (
				897F87FA299282780061B50F /* Debug */,
				897F87FB299282780061B50F /* Release */,
			);
			defaultConfigurationIsVisible = 0;
			defaultConfigurationName = Release;
		};
		897F87FC299282780061B50F /* Build configuration list for PBXNativeTarget "Africaner" */ = {
			isa = XCConfigurationList;
			buildConfigurations = (
				897F87FD299282780061B50F /* Debug */,
				897F87FE299282780061B50F /* Release */,
			);
			defaultConfigurationIsVisible = 0;
			defaultConfigurationName = Release;
		};
		897F8864299A8D520061B50F /* Build configuration list for PBXNativeTarget "StickersAfrica" */ = {
			isa = XCConfigurationList;
			buildConfigurations = (
				897F8865299A8D520061B50F /* Debug */,
				897F8866299A8D520061B50F /* Release */,
			);
			defaultConfigurationIsVisible = 0;
			defaultConfigurationName = Release;
		};
/* End XCConfigurationList section */
	};
	rootObject = 897F87E6299282760061B50F /* Project object */;
}
